# This file is automatically @generated by Cargo.
# It is not intended for manual editing.
version = 4

[[package]]
name = "libc"
version = "0.2.189"
source = "registry+https://github.com/rust-lang/crates.io-index"
checksum = "3eaf3ede3fee6db1a4c2ee091bf8a8b4dccdc6d17f656fb07896ee72867612f2"

[[package]]
name = "mq-integration"
version = "0.0.4"
dependencies = [
 "mq-linux",
 "mq-proxy",
 "mq-runtime",
 "mq-transport",
 "mq-transport-api",
]

[[package]]
name = "mq-linux"
version = "0.0.4"
dependencies = [
 "libc",
]

[[package]]
name = "mq-proxy"
version = "0.0.4"
dependencies = [
 "mq-runtime",
 "mq-transport-api",
 "mq-wire",
]

[[package]]
name = "mq-runtime"
version = "0.0.4"
dependencies = [
 "mq-linux",
 "mq-transport-api",
]

[[package]]
name = "mq-transport"
version = "0.0.4"
dependencies = [
 "mq-transport-api",
 "xquic-sys",
]

[[package]]
name = "mq-transport-api"
version = "0.0.4"

[[package]]
name = "mq-wire"
version = "0.0.4"

[[package]]
name = "mq-wire-difftest"
version = "0.0.4"
dependencies = [
 "mq-wire",
]

[[package]]
name = "mqproxy"
version = "0.0.4"
dependencies = [
 "mq-linux",
 "mq-proxy",
 "mq-runtime",
 "mq-transport",
 "mq-transport-api",
]

[[package]]
name = "xquic-sys"
version = "0.0.4"
